
Microsoft Visual Studio Solution File, Format Version 12.00
# Visual Studio Version 17
VisualStudioVersion = 17.14.36811.4 d17.14
MinimumVisualStudioVersion = 10.0.40219.1
Project("{FAE04EC0-301F-11D3-BF4B-00C04F79EFBC}") = "LibraryManagementSystem", "LibraryManagementSystem\LibraryManagementSystem.csproj", "{FABF3038-285F-45C1-9380-2EA68F1F8293}"
EndProject
Global
	GlobalSection(SolutionConfigurationPlatforms) = preSolution
		Debug|Any CPU = Debug|Any CPU
		Release|Any CPU = Release|Any CPU
	EndGlobalSection
	GlobalSection(ProjectConfigurationPlatforms) = postSolution
		{FABF3038-285F-45C1-9380-2EA68F1F8293}.Debug|Any CPU.ActiveCfg = Debug|Any CPU
		{FABF3038-285F-45C1-9380-2EA68F1F8293}.Debug|Any CPU.Build.0 = Debug|Any CPU
		{FABF3038-285F-45C1-9380-2EA68F1F8293}.Release|Any CPU.ActiveCfg = Release|Any CPU
		{FABF3038-285F-45C1-9380-2EA68F1F8293}.Release|Any CPU.Build.0 = Release|Any CPU
	EndGlobalSection
	GlobalSection(SolutionProperties) = preSolution
		HideSolutionNode = FALSE
	EndGlobalSection
	GlobalSection(ExtensibilityGlobals) = postSolution
		SolutionGuid = {38EC033E-0788-432C-83D5-D88CB1206AE2}
	EndGlobalSection
EndGlobal
